
Microsoft Visual Studio Solution File, Format Version 12.00
# Visual Studio Version 17
VisualStudioVersion = 17.13.35919.96
MinimumVisualStudioVersion = 10.0.40219.1
Project("{2150E333-8FDC-42A3-9474-1A3956D46DE8}") = "MDM_Android", "MDM_Android", "{02EA681E-C7D8-13C7-8484-4AC65E1B71E8}"
EndProject
Project("{FAE04EC0-301F-11D3-BF4B-00C04F79EFBC}") = "MDM.Android.Business.BusinessLogics.MDM", "MDM_Android\MDM.Android.Business.BusinessLogics.MDM\MDM.Android.Business.BusinessLogics.MDM.csproj", "{4BB790FD-834E-4F7B-A030-5D0DCE857A4C}"
EndProject
Project("{FAE04EC0-301F-11D3-BF4B-00C04F79EFBC}") = "MDM.Android.Common.Data.Component", "MDM_Android\MDM.Android.Common.Data.Component\MDM.Android.Common.Data.Component.csproj", "{945AC194-673E-4E79-86DA-CE29065E425D}"
EndProject
Project("{2150E333-8FDC-42A3-9474-1A3956D46DE8}") = "Dashboard", "Dashboard", "{70E80C63-1E27-4349-B5A2-CDC3A5602B20}"
EndProject
Project("{FAE04EC0-301F-11D3-BF4B-00C04F79EFBC}") = "Dashboard.Common.Business.Component", "Dashboard\Dashboard.Common.Business.Component\Dashboard.Common.Business.Component.csproj", "{8DC7A8D5-6E8F-45B8-9E49-74C6A9BC1A6D}"
EndProject
Project("{FAE04EC0-301F-11D3-BF4B-00C04F79EFBC}") = "Dashboard.Common.Data.Component", "Dashboard\Dashboard.Common.Data.Component\Dashboard.Common.Data.Component.csproj", "{8AC84919-01ED-4B97-8DFF-6A793945BD0F}"
EndProject
Project("{FAE04EC0-301F-11D3-BF4B-00C04F79EFBC}") = "Dashboard.Entities", "Dashboard\Dashboard.Entities\Dashboard.Entities.csproj", "{5199F063-179E-4A02-BCF6-EA9CF4D9DE81}"
EndProject
Project("{FAE04EC0-301F-11D3-BF4B-00C04F79EFBC}") = "Dashboard.Infra", "Dashboard\Dashboard.Infra\Dashboard.Infra.csproj", "{E64DCCD7-8360-4949-80D3-A857061F6992}"
EndProject
Project("{FAE04EC0-301F-11D3-BF4B-00C04F79EFBC}") = "DbProviderHandler", "DbProviderHandler\DbProviderHandler.csproj", "{1650E225-76DD-437A-829A-463E1E6F232E}"
EndProject
Project("{2150E333-8FDC-42A3-9474-1A3956D46DE8}") = "MDM_iOS", "MDM_iOS", "{EBE76DA3-4F84-45B7-9C41-CBB280025114}"
EndProject
Project("{FAE04EC0-301F-11D3-BF4B-00C04F79EFBC}") = "MDM.iOS.Entities.MDM", "MDM_iOS\MDM.iOS.Entities.MDM\MDM.iOS.Entities.MDM.csproj", "{A087C4F2-85D1-4D12-A964-408AAB7AFC5C}"
EndProject
Project("{FAE04EC0-301F-11D3-BF4B-00C04F79EFBC}") = "MDM.iOS.Entities", "MDM_iOS\MDM.iOS.Entities\MDM.iOS.Entities.csproj", "{0545A037-D9BF-450D-895F-FAFF5C3520CD}"
EndProject
Project("{FAE04EC0-301F-11D3-BF4B-00C04F79EFBC}") = "MDM.iOS.Common.Data.Component", "MDM_iOS\MDM.iOS.Common.Data.Component\MDM.iOS.Common.Data.Component.csproj", "{5ECE8248-10DD-47F6-801A-F7D2547DF820}"
EndProject
Project("{FAE04EC0-301F-11D3-BF4B-00C04F79EFBC}") = "MDM.iOS.Common.Business.Component", "MDM_iOS\MDM.iOS.Common.Business.Component\MDM.iOS.Common.Business.Component.csproj", "{E3D41D07-B874-44D0-BD12-4B7408F2B706}"
EndProject
Project("{FAE04EC0-301F-11D3-BF4B-00C04F79EFBC}") = "MDM.iOS.Business.BusinessLogics.MDM_Profile", "MDM_iOS\MDM.iOS.Business.BusinessLogics.MDM_Profile\MDM.iOS.Business.BusinessLogics.MDM_Profile.csproj", "{2F7EAD59-F5E6-4631-ADB6-B00AF9A827CB}"
EndProject
Project("{FAE04EC0-301F-11D3-BF4B-00C04F79EFBC}") = "MDM.iOS.Business.BusinessLogics.MDM_APNS", "MDM_iOS\MDM.iOS.Business.BusinessLogics.MDM_APNS\MDM.iOS.Business.BusinessLogics.MDM_APNS.csproj", "{9CB3705D-AA53-4220-902E-6279486EAB89}"
EndProject
Project("{FAE04EC0-301F-11D3-BF4B-00C04F79EFBC}") = "MDM.iOS.Business.BusinessLogics.MDM", "MDM_iOS\MDM.iOS.Business.BusinessLogics.MDM\MDM.iOS.Business.BusinessLogics.MDM.csproj", "{4D01E826-E9A7-4129-8E0A-EF9F7786BA97}"
EndProject
Project("{FAE04EC0-301F-11D3-BF4B-00C04F79EFBC}") = "MDM.iOS.Business.BusinessLogic", "MDM_iOS\MDM.iOS.Business.BusinessLogic\MDM.iOS.Business.BusinessLogic.csproj", "{81EEF8D7-D364-4D02-9C11-85535B19BA79}"
EndProject
Project("{FAE04EC0-301F-11D3-BF4B-00C04F79EFBC}") = "Alexis.Dashboard", "Alexis.Dashboard\Alexis.Dashboard.csproj", "{9487BC7C-FC33-423F-9FDA-02B4A9AD85C1}"
EndProject
Project("{2150E333-8FDC-42A3-9474-1A3956D46DE8}") = "MDM_Windows", "MDM_Windows", "{8FBF6991-0FC0-4455-A22C-ECB0A6CDE02D}"
EndProject
Project("{FAE04EC0-301F-11D3-BF4B-00C04F79EFBC}") = "MDM.Windows.Entities", "MDM_Windows\MDM.Windows.Entities\MDM.Windows.Entities.csproj", "{3B951B4A-AC29-4D13-9E00-4F1DDD49D643}"
EndProject
Project("{FAE04EC0-301F-11D3-BF4B-00C04F79EFBC}") = "MDM.Win.Business.BusinessLogics.MDM", "MDM_Windows\MDM.Win.Business.BusinessLogics.MDM\MDM.Win.Business.BusinessLogics.MDM.csproj", "{B7B63BFE-0CCA-4FED-B6E2-A40EA5609372}"
EndProject
Project("{2150E333-8FDC-42A3-9474-1A3956D46DE8}") = "Common", "Common", "{B8CFE40B-42C5-4C73-A5CD-CDCE4D7A7D02}"
EndProject
Project("{FAE04EC0-301F-11D3-BF4B-00C04F79EFBC}") = "Alexis.Common", "Common\Alexis.Common\Alexis.Common.csproj", "{E0F0685F-630E-4D1F-8F29-33F97A95BBFA}"
EndProject
Project("{2150E333-8FDC-42A3-9474-1A3956D46DE8}") = "Solution Items", "Solution Items", "{B3E2E76B-BF45-40D6-BCA7-8CC094703C9F}"
	ProjectSection(SolutionItems) = preProject
		.editorconfig = .editorconfig
	EndProjectSection
EndProject
Global
	GlobalSection(SolutionConfigurationPlatforms) = preSolution
		Debug|Any CPU = Debug|Any CPU
		Debug|x86 = Debug|x86
		Release|Any CPU = Release|Any CPU
		Release|x86 = Release|x86
	EndGlobalSection
	GlobalSection(ProjectConfigurationPlatforms) = postSolution
		{4BB790FD-834E-4F7B-A030-5D0DCE857A4C}.Debug|Any CPU.ActiveCfg = Debug|Any CPU
		{4BB790FD-834E-4F7B-A030-5D0DCE857A4C}.Debug|Any CPU.Build.0 = Debug|Any CPU
		{4BB790FD-834E-4F7B-A030-5D0DCE857A4C}.Debug|x86.ActiveCfg = Debug|Any CPU
		{4BB790FD-834E-4F7B-A030-5D0DCE857A4C}.Debug|x86.Build.0 = Debug|Any CPU
		{4BB790FD-834E-4F7B-A030-5D0DCE857A4C}.Release|Any CPU.ActiveCfg = Release|Any CPU
		{4BB790FD-834E-4F7B-A030-5D0DCE857A4C}.Release|Any CPU.Build.0 = Release|Any CPU
		{4BB790FD-834E-4F7B-A030-5D0DCE857A4C}.Release|x86.ActiveCfg = Release|Any CPU
		{4BB790FD-834E-4F7B-A030-5D0DCE857A4C}.Release|x86.Build.0 = Release|Any CPU
		{945AC194-673E-4E79-86DA-CE29065E425D}.Debug|Any CPU.ActiveCfg = Debug|Any CPU
		{945AC194-673E-4E79-86DA-CE29065E425D}.Debug|Any CPU.Build.0 = Debug|Any CPU
		{945AC194-673E-4E79-86DA-CE29065E425D}.Debug|x86.ActiveCfg = Debug|Any CPU
		{945AC194-673E-4E79-86DA-CE29065E425D}.Debug|x86.Build.0 = Debug|Any CPU
		{945AC194-673E-4E79-86DA-CE29065E425D}.Release|Any CPU.ActiveCfg = Release|Any CPU
		{945AC194-673E-4E79-86DA-CE29065E425D}.Release|Any CPU.Build.0 = Release|Any CPU
		{945AC194-673E-4E79-86DA-CE29065E425D}.Release|x86.ActiveCfg = Release|Any CPU
		{945AC194-673E-4E79-86DA-CE29065E425D}.Release|x86.Build.0 = Release|Any CPU
		{8DC7A8D5-6E8F-45B8-9E49-74C6A9BC1A6D}.Debug|Any CPU.ActiveCfg = Debug|Any CPU
		{8DC7A8D5-6E8F-45B8-9E49-74C6A9BC1A6D}.Debug|Any CPU.Build.0 = Debug|Any CPU
		{8DC7A8D5-6E8F-45B8-9E49-74C6A9BC1A6D}.Debug|x86.ActiveCfg = Debug|Any CPU
		{8DC7A8D5-6E8F-45B8-9E49-74C6A9BC1A6D}.Debug|x86.Build.0 = Debug|Any CPU
		{8DC7A8D5-6E8F-45B8-9E49-74C6A9BC1A6D}.Release|Any CPU.ActiveCfg = Release|Any CPU
		{8DC7A8D5-6E8F-45B8-9E49-74C6A9BC1A6D}.Release|Any CPU.Build.0 = Release|Any CPU
		{8DC7A8D5-6E8F-45B8-9E49-74C6A9BC1A6D}.Release|x86.ActiveCfg = Release|Any CPU
		{8DC7A8D5-6E8F-45B8-9E49-74C6A9BC1A6D}.Release|x86.Build.0 = Release|Any CPU
		{8AC84919-01ED-4B97-8DFF-6A793945BD0F}.Debug|Any CPU.ActiveCfg = Debug|Any CPU
		{8AC84919-01ED-4B97-8DFF-6A793945BD0F}.Debug|Any CPU.Build.0 = Debug|Any CPU
		{8AC84919-01ED-4B97-8DFF-6A793945BD0F}.Debug|x86.ActiveCfg = Debug|Any CPU
		{8AC84919-01ED-4B97-8DFF-6A793945BD0F}.Debug|x86.Build.0 = Debug|Any CPU
		{8AC84919-01ED-4B97-8DFF-6A793945BD0F}.Release|Any CPU.ActiveCfg = Release|Any CPU
		{8AC84919-01ED-4B97-8DFF-6A793945BD0F}.Release|Any CPU.Build.0 = Release|Any CPU
		{8AC84919-01ED-4B97-8DFF-6A793945BD0F}.Release|x86.ActiveCfg = Release|Any CPU
		{8AC84919-01ED-4B97-8DFF-6A793945BD0F}.Release|x86.Build.0 = Release|Any CPU
		{5199F063-179E-4A02-BCF6-EA9CF4D9DE81}.Debug|Any CPU.ActiveCfg = Debug|Any CPU
		{5199F063-179E-4A02-BCF6-EA9CF4D9DE81}.Debug|Any CPU.Build.0 = Debug|Any CPU
		{5199F063-179E-4A02-BCF6-EA9CF4D9DE81}.Debug|x86.ActiveCfg = Debug|Any CPU
		{5199F063-179E-4A02-BCF6-EA9CF4D9DE81}.Debug|x86.Build.0 = Debug|Any CPU
		{5199F063-179E-4A02-BCF6-EA9CF4D9DE81}.Release|Any CPU.ActiveCfg = Release|Any CPU
		{5199F063-179E-4A02-BCF6-EA9CF4D9DE81}.Release|Any CPU.Build.0 = Release|Any CPU
		{5199F063-179E-4A02-BCF6-EA9CF4D9DE81}.Release|x86.ActiveCfg = Release|Any CPU
		{5199F063-179E-4A02-BCF6-EA9CF4D9DE81}.Release|x86.Build.0 = Release|Any CPU
		{E64DCCD7-8360-4949-80D3-A857061F6992}.Debug|Any CPU.ActiveCfg = Debug|Any CPU
		{E64DCCD7-8360-4949-80D3-A857061F6992}.Debug|Any CPU.Build.0 = Debug|Any CPU
		{E64DCCD7-8360-4949-80D3-A857061F6992}.Debug|x86.ActiveCfg = Debug|Any CPU
		{E64DCCD7-8360-4949-80D3-A857061F6992}.Debug|x86.Build.0 = Debug|Any CPU
		{E64DCCD7-8360-4949-80D3-A857061F6992}.Release|Any CPU.ActiveCfg = Release|Any CPU
		{E64DCCD7-8360-4949-80D3-A857061F6992}.Release|Any CPU.Build.0 = Release|Any CPU
		{E64DCCD7-8360-4949-80D3-A857061F6992}.Release|x86.ActiveCfg = Release|Any CPU
		{E64DCCD7-8360-4949-80D3-A857061F6992}.Release|x86.Build.0 = Release|Any CPU
		{1650E225-76DD-437A-829A-463E1E6F232E}.Debug|Any CPU.ActiveCfg = Debug|Any CPU
		{1650E225-76DD-437A-829A-463E1E6F232E}.Debug|Any CPU.Build.0 = Debug|Any CPU
		{1650E225-76DD-437A-829A-463E1E6F232E}.Debug|x86.ActiveCfg = Debug|Any CPU
		{1650E225-76DD-437A-829A-463E1E6F232E}.Debug|x86.Build.0 = Debug|Any CPU
		{1650E225-76DD-437A-829A-463E1E6F232E}.Release|Any CPU.ActiveCfg = Release|Any CPU
		{1650E225-76DD-437A-829A-463E1E6F232E}.Release|Any CPU.Build.0 = Release|Any CPU
		{1650E225-76DD-437A-829A-463E1E6F232E}.Release|x86.ActiveCfg = Release|Any CPU
		{1650E225-76DD-437A-829A-463E1E6F232E}.Release|x86.Build.0 = Release|Any CPU
		{A087C4F2-85D1-4D12-A964-408AAB7AFC5C}.Debug|Any CPU.ActiveCfg = Debug|Any CPU
		{A087C4F2-85D1-4D12-A964-408AAB7AFC5C}.Debug|Any CPU.Build.0 = Debug|Any CPU
		{A087C4F2-85D1-4D12-A964-408AAB7AFC5C}.Debug|x86.ActiveCfg = Debug|Any CPU
		{A087C4F2-85D1-4D12-A964-408AAB7AFC5C}.Debug|x86.Build.0 = Debug|Any CPU
		{A087C4F2-85D1-4D12-A964-408AAB7AFC5C}.Release|Any CPU.ActiveCfg = Release|Any CPU
		{A087C4F2-85D1-4D12-A964-408AAB7AFC5C}.Release|Any CPU.Build.0 = Release|Any CPU
		{A087C4F2-85D1-4D12-A964-408AAB7AFC5C}.Release|x86.ActiveCfg = Release|Any CPU
		{A087C4F2-85D1-4D12-A964-408AAB7AFC5C}.Release|x86.Build.0 = Release|Any CPU
		{0545A037-D9BF-450D-895F-FAFF5C3520CD}.Debug|Any CPU.ActiveCfg = Debug|Any CPU
		{0545A037-D9BF-450D-895F-FAFF5C3520CD}.Debug|Any CPU.Build.0 = Debug|Any CPU
		{0545A037-D9BF-450D-895F-FAFF5C3520CD}.Debug|x86.ActiveCfg = Debug|Any CPU
		{0545A037-D9BF-450D-895F-FAFF5C3520CD}.Debug|x86.Build.0 = Debug|Any CPU
		{0545A037-D9BF-450D-895F-FAFF5C3520CD}.Release|Any CPU.ActiveCfg = Release|Any CPU
		{0545A037-D9BF-450D-895F-FAFF5C3520CD}.Release|Any CPU.Build.0 = Release|Any CPU
		{0545A037-D9BF-450D-895F-FAFF5C3520CD}.Release|x86.ActiveCfg = Release|Any CPU
		{0545A037-D9BF-450D-895F-FAFF5C3520CD}.Release|x86.Build.0 = Release|Any CPU
		{5ECE8248-10DD-47F6-801A-F7D2547DF820}.Debug|Any CPU.ActiveCfg = Debug|Any CPU
		{5ECE8248-10DD-47F6-801A-F7D2547DF820}.Debug|Any CPU.Build.0 = Debug|Any CPU
		{5ECE8248-10DD-47F6-801A-F7D2547DF820}.Debug|x86.ActiveCfg = Debug|Any CPU
		{5ECE8248-10DD-47F6-801A-F7D2547DF820}.Debug|x86.Build.0 = Debug|Any CPU
		{5ECE8248-10DD-47F6-801A-F7D2547DF820}.Release|Any CPU.ActiveCfg = Release|Any CPU
		{5ECE8248-10DD-47F6-801A-F7D2547DF820}.Release|Any CPU.Build.0 = Release|Any CPU
		{5ECE8248-10DD-47F6-801A-F7D2547DF820}.Release|x86.ActiveCfg = Release|Any CPU
		{5ECE8248-10DD-47F6-801A-F7D2547DF820}.Release|x86.Build.0 = Release|Any CPU
		{E3D41D07-B874-44D0-BD12-4B7408F2B706}.Debug|Any CPU.ActiveCfg = Debug|Any CPU
		{E3D41D07-B874-44D0-BD12-4B7408F2B706}.Debug|Any CPU.Build.0 = Debug|Any CPU
		{E3D41D07-B874-44D0-BD12-4B7408F2B706}.Debug|x86.ActiveCfg = Debug|Any CPU
		{E3D41D07-B874-44D0-BD12-4B7408F2B706}.Debug|x86.Build.0 = Debug|Any CPU
		{E3D41D07-B874-44D0-BD12-4B7408F2B706}.Release|Any CPU.ActiveCfg = Release|Any CPU
		{E3D41D07-B874-44D0-BD12-4B7408F2B706}.Release|Any CPU.Build.0 = Release|Any CPU
		{E3D41D07-B874-44D0-BD12-4B7408F2B706}.Release|x86.ActiveCfg = Release|Any CPU
		{E3D41D07-B874-44D0-BD12-4B7408F2B706}.Release|x86.Build.0 = Release|Any CPU
		{2F7EAD59-F5E6-4631-ADB6-B00AF9A827CB}.Debug|Any CPU.ActiveCfg = Debug|Any CPU
		{2F7EAD59-F5E6-4631-ADB6-B00AF9A827CB}.Debug|Any CPU.Build.0 = Debug|Any CPU
		{2F7EAD59-F5E6-4631-ADB6-B00AF9A827CB}.Debug|x86.ActiveCfg = Debug|Any CPU
		{2F7EAD59-F5E6-4631-ADB6-B00AF9A827CB}.Debug|x86.Build.0 = Debug|Any CPU
		{2F7EAD59-F5E6-4631-ADB6-B00AF9A827CB}.Release|Any CPU.ActiveCfg = Release|Any CPU
		{2F7EAD59-F5E6-4631-ADB6-B00AF9A827CB}.Release|Any CPU.Build.0 = Release|Any CPU
		{2F7EAD59-F5E6-4631-ADB6-B00AF9A827CB}.Release|x86.ActiveCfg = Release|Any CPU
		{2F7EAD59-F5E6-4631-ADB6-B00AF9A827CB}.Release|x86.Build.0 = Release|Any CPU
		{9CB3705D-AA53-4220-902E-6279486EAB89}.Debug|Any CPU.ActiveCfg = Debug|Any CPU
		{9CB3705D-AA53-4220-902E-6279486EAB89}.Debug|Any CPU.Build.0 = Debug|Any CPU
		{9CB3705D-AA53-4220-902E-6279486EAB89}.Debug|x86.ActiveCfg = Debug|Any CPU
		{9CB3705D-AA53-4220-902E-6279486EAB89}.Debug|x86.Build.0 = Debug|Any CPU
		{9CB3705D-AA53-4220-902E-6279486EAB89}.Release|Any CPU.ActiveCfg = Release|Any CPU
		{9CB3705D-AA53-4220-902E-6279486EAB89}.Release|Any CPU.Build.0 = Release|Any CPU
		{9CB3705D-AA53-4220-902E-6279486EAB89}.Release|x86.ActiveCfg = Release|Any CPU
		{9CB3705D-AA53-4220-902E-6279486EAB89}.Release|x86.Build.0 = Release|Any CPU
		{4D01E826-E9A7-4129-8E0A-EF9F7786BA97}.Debug|Any CPU.ActiveCfg = Debug|Any CPU
		{4D01E826-E9A7-4129-8E0A-EF9F7786BA97}.Debug|Any CPU.Build.0 = Debug|Any CPU
		{4D01E826-E9A7-4129-8E0A-EF9F7786BA97}.Debug|x86.ActiveCfg = Debug|Any CPU
		{4D01E826-E9A7-4129-8E0A-EF9F7786BA97}.Debug|x86.Build.0 = Debug|Any CPU
		{4D01E826-E9A7-4129-8E0A-EF9F7786BA97}.Release|Any CPU.ActiveCfg = Release|Any CPU
		{4D01E826-E9A7-4129-8E0A-EF9F7786BA97}.Release|Any CPU.Build.0 = Release|Any CPU
		{4D01E826-E9A7-4129-8E0A-EF9F7786BA97}.Release|x86.ActiveCfg = Release|Any CPU
		{4D01E826-E9A7-4129-8E0A-EF9F7786BA97}.Release|x86.Build.0 = Release|Any CPU
		{81EEF8D7-D364-4D02-9C11-85535B19BA79}.Debug|Any CPU.ActiveCfg = Debug|Any CPU
		{81EEF8D7-D364-4D02-9C11-85535B19BA79}.Debug|Any CPU.Build.0 = Debug|Any CPU
		{81EEF8D7-D364-4D02-9C11-85535B19BA79}.Debug|x86.ActiveCfg = Debug|Any CPU
		{81EEF8D7-D364-4D02-9C11-85535B19BA79}.Debug|x86.Build.0 = Debug|Any CPU
		{81EEF8D7-D364-4D02-9C11-85535B19BA79}.Release|Any CPU.ActiveCfg = Release|Any CPU
		{81EEF8D7-D364-4D02-9C11-85535B19BA79}.Release|Any CPU.Build.0 = Release|Any CPU
		{81EEF8D7-D364-4D02-9C11-85535B19BA79}.Release|x86.ActiveCfg = Release|Any CPU
		{81EEF8D7-D364-4D02-9C11-85535B19BA79}.Release|x86.Build.0 = Release|Any CPU
		{9487BC7C-FC33-423F-9FDA-02B4A9AD85C1}.Debug|Any CPU.ActiveCfg = Debug|Any CPU
		{9487BC7C-FC33-423F-9FDA-02B4A9AD85C1}.Debug|Any CPU.Build.0 = Debug|Any CPU
		{9487BC7C-FC33-423F-9FDA-02B4A9AD85C1}.Debug|x86.ActiveCfg = Debug|Any CPU
		{9487BC7C-FC33-423F-9FDA-02B4A9AD85C1}.Debug|x86.Build.0 = Debug|Any CPU
		{9487BC7C-FC33-423F-9FDA-02B4A9AD85C1}.Release|Any CPU.ActiveCfg = Release|Any CPU
		{9487BC7C-FC33-423F-9FDA-02B4A9AD85C1}.Release|Any CPU.Build.0 = Release|Any CPU
		{9487BC7C-FC33-423F-9FDA-02B4A9AD85C1}.Release|x86.ActiveCfg = Release|Any CPU
		{9487BC7C-FC33-423F-9FDA-02B4A9AD85C1}.Release|x86.Build.0 = Release|Any CPU
		{3B951B4A-AC29-4D13-9E00-4F1DDD49D643}.Debug|Any CPU.ActiveCfg = Debug|Any CPU
		{3B951B4A-AC29-4D13-9E00-4F1DDD49D643}.Debug|Any CPU.Build.0 = Debug|Any CPU
		{3B951B4A-AC29-4D13-9E00-4F1DDD49D643}.Debug|x86.ActiveCfg = Debug|Any CPU
		{3B951B4A-AC29-4D13-9E00-4F1DDD49D643}.Debug|x86.Build.0 = Debug|Any CPU
		{3B951B4A-AC29-4D13-9E00-4F1DDD49D643}.Release|Any CPU.ActiveCfg = Release|Any CPU
		{3B951B4A-AC29-4D13-9E00-4F1DDD49D643}.Release|Any CPU.Build.0 = Release|Any CPU
		{3B951B4A-AC29-4D13-9E00-4F1DDD49D643}.Release|x86.ActiveCfg = Release|Any CPU
		{3B951B4A-AC29-4D13-9E00-4F1DDD49D643}.Release|x86.Build.0 = Release|Any CPU
		{B7B63BFE-0CCA-4FED-B6E2-A40EA5609372}.Debug|Any CPU.ActiveCfg = Debug|Any CPU
		{B7B63BFE-0CCA-4FED-B6E2-A40EA5609372}.Debug|Any CPU.Build.0 = Debug|Any CPU
		{B7B63BFE-0CCA-4FED-B6E2-A40EA5609372}.Debug|x86.ActiveCfg = Debug|Any CPU
		{B7B63BFE-0CCA-4FED-B6E2-A40EA5609372}.Debug|x86.Build.0 = Debug|Any CPU
		{B7B63BFE-0CCA-4FED-B6E2-A40EA5609372}.Release|Any CPU.ActiveCfg = Release|Any CPU
		{B7B63BFE-0CCA-4FED-B6E2-A40EA5609372}.Release|Any CPU.Build.0 = Release|Any CPU
		{B7B63BFE-0CCA-4FED-B6E2-A40EA5609372}.Release|x86.ActiveCfg = Release|Any CPU
		{B7B63BFE-0CCA-4FED-B6E2-A40EA5609372}.Release|x86.Build.0 = Release|Any CPU
		{E0F0685F-630E-4D1F-8F29-33F97A95BBFA}.Debug|Any CPU.ActiveCfg = Debug|Any CPU
		{E0F0685F-630E-4D1F-8F29-33F97A95BBFA}.Debug|Any CPU.Build.0 = Debug|Any CPU
		{E0F0685F-630E-4D1F-8F29-33F97A95BBFA}.Debug|x86.ActiveCfg = Debug|Any CPU
		{E0F0685F-630E-4D1F-8F29-33F97A95BBFA}.Debug|x86.Build.0 = Debug|Any CPU
		{E0F0685F-630E-4D1F-8F29-33F97A95BBFA}.Release|Any CPU.ActiveCfg = Release|Any CPU
		{E0F0685F-630E-4D1F-8F29-33F97A95BBFA}.Release|Any CPU.Build.0 = Release|Any CPU
		{E0F0685F-630E-4D1F-8F29-33F97A95BBFA}.Release|x86.ActiveCfg = Release|Any CPU
		{E0F0685F-630E-4D1F-8F29-33F97A95BBFA}.Release|x86.Build.0 = Release|Any CPU
	EndGlobalSection
	GlobalSection(SolutionProperties) = preSolution
		HideSolutionNode = FALSE
	EndGlobalSection
	GlobalSection(NestedProjects) = preSolution
		{4BB790FD-834E-4F7B-A030-5D0DCE857A4C} = {02EA681E-C7D8-13C7-8484-4AC65E1B71E8}
		{945AC194-673E-4E79-86DA-CE29065E425D} = {02EA681E-C7D8-13C7-8484-4AC65E1B71E8}
		{8DC7A8D5-6E8F-45B8-9E49-74C6A9BC1A6D} = {70E80C63-1E27-4349-B5A2-CDC3A5602B20}
		{8AC84919-01ED-4B97-8DFF-6A793945BD0F} = {70E80C63-1E27-4349-B5A2-CDC3A5602B20}
		{5199F063-179E-4A02-BCF6-EA9CF4D9DE81} = {70E80C63-1E27-4349-B5A2-CDC3A5602B20}
		{E64DCCD7-8360-4949-80D3-A857061F6992} = {70E80C63-1E27-4349-B5A2-CDC3A5602B20}
		{A087C4F2-85D1-4D12-A964-408AAB7AFC5C} = {EBE76DA3-4F84-45B7-9C41-CBB280025114}
		{0545A037-D9BF-450D-895F-FAFF5C3520CD} = {EBE76DA3-4F84-45B7-9C41-CBB280025114}
		{5ECE8248-10DD-47F6-801A-F7D2547DF820} = {EBE76DA3-4F84-45B7-9C41-CBB280025114}
		{E3D41D07-B874-44D0-BD12-4B7408F2B706} = {EBE76DA3-4F84-45B7-9C41-CBB280025114}
		{2F7EAD59-F5E6-4631-ADB6-B00AF9A827CB} = {EBE76DA3-4F84-45B7-9C41-CBB280025114}
		{9CB3705D-AA53-4220-902E-6279486EAB89} = {EBE76DA3-4F84-45B7-9C41-CBB280025114}
		{4D01E826-E9A7-4129-8E0A-EF9F7786BA97} = {EBE76DA3-4F84-45B7-9C41-CBB280025114}
		{81EEF8D7-D364-4D02-9C11-85535B19BA79} = {EBE76DA3-4F84-45B7-9C41-CBB280025114}
		{3B951B4A-AC29-4D13-9E00-4F1DDD49D643} = {8FBF6991-0FC0-4455-A22C-ECB0A6CDE02D}
		{B7B63BFE-0CCA-4FED-B6E2-A40EA5609372} = {8FBF6991-0FC0-4455-A22C-ECB0A6CDE02D}
		{E0F0685F-630E-4D1F-8F29-33F97A95BBFA} = {B8CFE40B-42C5-4C73-A5CD-CDCE4D7A7D02}
	EndGlobalSection
	GlobalSection(ExtensibilityGlobals) = postSolution
		SolutionGuid = {806A1CC3-C017-496F-8348-5D6832105A17}
	EndGlobalSection
EndGlobal
